
Microsoft Visual Studio Solution File, Format Version 12.00
# Visual Studio 14
VisualStudioVersion = 14.0.24720.0
MinimumVisualStudioVersion = 10.0.40219.1
Project("{2150E333-8FDC-42A3-9474-1A3956D46DE8}") = "1 - Presentation", "1 - Presentation", "{15F40724-30FF-40A1-B34D-2471D9847713}"
EndProject
Project("{2150E333-8FDC-42A3-9474-1A3956D46DE8}") = "2 - Services", "2 - Services", "{7B32E0EC-7C8F-4293-B036-980B51A79CD3}"
EndProject
Project("{2150E333-8FDC-42A3-9474-1A3956D46DE8}") = "3 - Application", "3 - Application", "{AA0DC40A-14C2-4746-B55D-0AC4EC1DCD14}"
EndProject
Project("{2150E333-8FDC-42A3-9474-1A3956D46DE8}") = "4 - Domain", "4 - Domain", "{021D3E63-06BE-417F-8BE7-45EC151716BD}"
EndProject
Project("{2150E333-8FDC-42A3-9474-1A3956D46DE8}") = "5 - Infra", "5 - Infra", "{8523A17B-9B84-4E47-8546-276B54711D63}"
EndProject
Project("{2150E333-8FDC-42A3-9474-1A3956D46DE8}") = "5.1 - Data", "5.1 - Data", "{C3A42521-2DE8-455A-9FB4-219C578AEBAB}"
EndProject
Project("{2150E333-8FDC-42A3-9474-1A3956D46DE8}") = "5.2 - CrossCutting", "5.2 - CrossCutting", "{CE77097C-FA6E-409F-9AD7-1F8A4D6CD7ED}"
EndProject
Project("{2150E333-8FDC-42A3-9474-1A3956D46DE8}") = "5.3 - ServiceAgents", "5.3 - ServiceAgents", "{A1DC0AC3-8600-4244-9C80-574D50EEFADF}"
EndProject
Project("{FAE04EC0-301F-11D3-BF4B-00C04F79EFBC}") = "SocialAnalytics.Domain", "src\SocialAnalytics.Domain\SocialAnalytics.Domain.csproj", "{64748147-BE9E-4D36-95B4-4C6E23A70E3F}"
EndProject
Project("{FAE04EC0-301F-11D3-BF4B-00C04F79EFBC}") = "SocialAnalytics.Infra.CrossCutting.MvcFilters", "src\SocialAnalytics.Infra.CrossCutting.MvcFilters\SocialAnalytics.Infra.CrossCutting.MvcFilters.csproj", "{F7ADEF85-E306-4ED1-87BB-E86D715FFEE8}"
EndProject
Project("{FAE04EC0-301F-11D3-BF4B-00C04F79EFBC}") = "SocialAnalytics.Application", "src\SocialAnalytics.Application\SocialAnalytics.Application.csproj", "{FA71A668-4CC2-4CB1-B7C0-B619945640DF}"
EndProject
Project("{FAE04EC0-301F-11D3-BF4B-00C04F79EFBC}") = "SocialAnalytics.Services.REST.SocialAPI", "src\SocialAnalytics.Services.REST.SocialAPI\SocialAnalytics.Services.REST.SocialAPI.csproj", "{5616A8F5-A49E-40A9-9532-4ACF64218ED7}"
EndProject
Project("{FAE04EC0-301F-11D3-BF4B-00C04F79EFBC}") = "SocialAnalytics.Domain.Tests", "tests\SocialAnalytics.Domain.Tests\SocialAnalytics.Domain.Tests.csproj", "{50A3A47B-28DC-4E22-AB80-FCD72DADF7A6}"
EndProject
Project("{FAE04EC0-301F-11D3-BF4B-00C04F79EFBC}") = "SocialAnalytics.Infra.ServiceAgents.GitHubApi", "src\SocialAnalytics.Infra.ServiceAgents.GitHubApi\SocialAnalytics.Infra.ServiceAgents.GitHubApi.csproj", "{1C8F9A29-34BF-49A3-A67D-6ED814EE6473}"
EndProject
Project("{FAE04EC0-301F-11D3-BF4B-00C04F79EFBC}") = "SocialAnalytics.Infra.CrossCutting.Universal", "src\SocialAnalytics.Infra.CrossCutting.Universal\SocialAnalytics.Infra.CrossCutting.Universal.csproj", "{A5EFECBF-F3F2-4476-BF07-6BC018CBB9E0}"
EndProject
Global
	GlobalSection(SolutionConfigurationPlatforms) = preSolution
		Debug|Any CPU = Debug|Any CPU
		Release|Any CPU = Release|Any CPU
	EndGlobalSection
	GlobalSection(ProjectConfigurationPlatforms) = postSolution
		{64748147-BE9E-4D36-95B4-4C6E23A70E3F}.Debug|Any CPU.ActiveCfg = Debug|Any CPU
		{64748147-BE9E-4D36-95B4-4C6E23A70E3F}.Debug|Any CPU.Build.0 = Debug|Any CPU
		{64748147-BE9E-4D36-95B4-4C6E23A70E3F}.Release|Any CPU.ActiveCfg = Release|Any CPU
		{64748147-BE9E-4D36-95B4-4C6E23A70E3F}.Release|Any CPU.Build.0 = Release|Any CPU
		{F7ADEF85-E306-4ED1-87BB-E86D715FFEE8}.Debug|Any CPU.ActiveCfg = Debug|Any CPU
		{F7ADEF85-E306-4ED1-87BB-E86D715FFEE8}.Debug|Any CPU.Build.0 = Debug|Any CPU
		{F7ADEF85-E306-4ED1-87BB-E86D715FFEE8}.Release|Any CPU.ActiveCfg = Release|Any CPU
		{F7ADEF85-E306-4ED1-87BB-E86D715FFEE8}.Release|Any CPU.Build.0 = Release|Any CPU
		{FA71A668-4CC2-4CB1-B7C0-B619945640DF}.Debug|Any CPU.ActiveCfg = Debug|Any CPU
		{FA71A668-4CC2-4CB1-B7C0-B619945640DF}.Debug|Any CPU.Build.0 = Debug|Any CPU
		{FA71A668-4CC2-4CB1-B7C0-B619945640DF}.Release|Any CPU.ActiveCfg = Release|Any CPU
		{FA71A668-4CC2-4CB1-B7C0-B619945640DF}.Release|Any CPU.Build.0 = Release|Any CPU
		{5616A8F5-A49E-40A9-9532-4ACF64218ED7}.Debug|Any CPU.ActiveCfg = Debug|Any CPU
		{5616A8F5-A49E-40A9-9532-4ACF64218ED7}.Debug|Any CPU.Build.0 = Debug|Any CPU
		{5616A8F5-A49E-40A9-9532-4ACF64218ED7}.Release|Any CPU.ActiveCfg = Release|Any CPU
		{5616A8F5-A49E-40A9-9532-4ACF64218ED7}.Release|Any CPU.Build.0 = Release|Any CPU
		{50A3A47B-28DC-4E22-AB80-FCD72DADF7A6}.Debug|Any CPU.ActiveCfg = Debug|Any CPU
		{50A3A47B-28DC-4E22-AB80-FCD72DADF7A6}.Debug|Any CPU.Build.0 = Debug|Any CPU
		{50A3A47B-28DC-4E22-AB80-FCD72DADF7A6}.Release|Any CPU.ActiveCfg = Release|Any CPU
		{50A3A47B-28DC-4E22-AB80-FCD72DADF7A6}.Release|Any CPU.Build.0 = Release|Any CPU
		{1C8F9A29-34BF-49A3-A67D-6ED814EE6473}.Debug|Any CPU.ActiveCfg = Debug|Any CPU
		{1C8F9A29-34BF-49A3-A67D-6ED814EE6473}.Debug|Any CPU.Build.0 = Debug|Any CPU
		{1C8F9A29-34BF-49A3-A67D-6ED814EE6473}.Release|Any CPU.ActiveCfg = Release|Any CPU
		{1C8F9A29-34BF-49A3-A67D-6ED814EE6473}.Release|Any CPU.Build.0 = Release|Any CPU
		{A5EFECBF-F3F2-4476-BF07-6BC018CBB9E0}.Debug|Any CPU.ActiveCfg = Debug|Any CPU
		{A5EFECBF-F3F2-4476-BF07-6BC018CBB9E0}.Debug|Any CPU.Build.0 = Debug|Any CPU
		{A5EFECBF-F3F2-4476-BF07-6BC018CBB9E0}.Release|Any CPU.ActiveCfg = Release|Any CPU
		{A5EFECBF-F3F2-4476-BF07-6BC018CBB9E0}.Release|Any CPU.Build.0 = Release|Any CPU
	EndGlobalSection
	GlobalSection(SolutionProperties) = preSolution
		HideSolutionNode = FALSE
	EndGlobalSection
	GlobalSection(NestedProjects) = preSolution
		{C3A42521-2DE8-455A-9FB4-219C578AEBAB} = {8523A17B-9B84-4E47-8546-276B54711D63}
		{CE77097C-FA6E-409F-9AD7-1F8A4D6CD7ED} = {8523A17B-9B84-4E47-8546-276B54711D63}
		{A1DC0AC3-8600-4244-9C80-574D50EEFADF} = {8523A17B-9B84-4E47-8546-276B54711D63}
		{64748147-BE9E-4D36-95B4-4C6E23A70E3F} = {021D3E63-06BE-417F-8BE7-45EC151716BD}
		{F7ADEF85-E306-4ED1-87BB-E86D715FFEE8} = {CE77097C-FA6E-409F-9AD7-1F8A4D6CD7ED}
		{FA71A668-4CC2-4CB1-B7C0-B619945640DF} = {AA0DC40A-14C2-4746-B55D-0AC4EC1DCD14}
		{5616A8F5-A49E-40A9-9532-4ACF64218ED7} = {7B32E0EC-7C8F-4293-B036-980B51A79CD3}
		{50A3A47B-28DC-4E22-AB80-FCD72DADF7A6} = {021D3E63-06BE-417F-8BE7-45EC151716BD}
		{1C8F9A29-34BF-49A3-A67D-6ED814EE6473} = {A1DC0AC3-8600-4244-9C80-574D50EEFADF}
		{A5EFECBF-F3F2-4476-BF07-6BC018CBB9E0} = {CE77097C-FA6E-409F-9AD7-1F8A4D6CD7ED}
	EndGlobalSection
EndGlobal
